{
  "name": "miniprogram",
  "version": "1.0.0",
  "lockfileVersion": 2,
  "requires": true,
  "packages": {
    "": {
      "name": "miniprogram",
      "version": "1.0.0",
      "license": "ISC",
      "dependencies": {
        "three": "^0.108.0",
        "threejs-miniprogram": "^0.0.8"
      }
    },
    "node_modules/three": {
      "version": "0.108.0",
      "resolved": "https://registry.npmmirror.com/three/-/three-0.108.0.tgz",
      "integrity": "sha512-d1ysIXwi8qTlbmMwrTxi5pYiiYIflEr0e48krP0LAY8ndS8c6fkLHn6NvRT+o76/Fs9PBLxFViuI62iGVWwwlg=="
    },
    "node_modules/threejs-miniprogram": {
      "version": "0.0.8",
      "resolved": "https://registry.npmmirror.com/threejs-miniprogram/-/threejs-miniprogram-0.0.8.tgz",
      "integrity": "sha512-S5IgBMuX57kQsbeSv/5YDc87s+WKvPLYT+Go5FUbSdcjf6/Lq/LoY1uoVxfa00fjLHN+cMuumZ1Op/JmFKUmbw=="
    }
  },
  "dependencies": {
    "three": {
      "version": "0.108.0",
      "resolved": "https://registry.npmmirror.com/three/-/three-0.108.0.tgz",
      "integrity": "sha512-d1ysIXwi8qTlbmMwrTxi5pYiiYIflEr0e48krP0LAY8ndS8c6fkLHn6NvRT+o76/Fs9PBLxFViuI62iGVWwwlg=="
    },
    "threejs-miniprogram": {
      "version": "0.0.8",
      "resolved": "https://registry.npmmirror.com/threejs-miniprogram/-/threejs-miniprogram-0.0.8.tgz",
      "integrity": "sha512-S5IgBMuX57kQsbeSv/5YDc87s+WKvPLYT+Go5FUbSdcjf6/Lq/LoY1uoVxfa00fjLHN+cMuumZ1Op/JmFKUmbw=="
    }
  }
}
